# THIS IS AN AUTOGENERATED FILE. DO NOT EDIT THIS FILE DIRECTLY.
# yarn lockfile v1


"@rails/ujs@^7.0.3-1":
  version "7.0.3-1"
  resolved "https://registry.yarnpkg.com/@rails/ujs/-/ujs-7.0.3-1.tgz#0a0f4f2b22b887bcbf6e0b0a72b8c86665cd31d9"
  integrity sha512-g3LgpBAsWmW97xFxh5OTDgyEJLt63fEENJUYb/iNFRXY6aKLI/by6MjFw7x492DSP/+vKQa3oMEdNnjI9+yZgQ==
